// !$*UTF8*$!
{
	archiveVersion = 1;
	classes = {
	};
	objectVersion = 77;
	objects = {

/* Begin PBXBuildFile section */
		688CC6252EB356D500BFB655 /* Assets.xcassets in Resources */ = {isa = PBXBuildFile; fileRef = 688CC6212EB356D500BFB655 /* Assets.xcassets */; };
		688CC6262EB356D500BFB655 /* MenuView.swift in Sources */ = {isa = PBXBuildFile; fileRef = 688CC6222EB356D500BFB655 /* MenuView.swift */; };
		688CC6272EB356D500BFB655 /* OnboardMenuApp.swift in Sources */ = {isa = PBXBuildFile; fileRef = 688CC6232EB356D500BFB655 /* OnboardMenuApp.swift */; };
		688CC62A2EB356D700BFB655 /* OnboardMenuTests.swift in Sources */ = {isa = PBXBuildFile; fileRef = 688CC6282EB356D700BFB655 /* OnboardMenuTests.swift */; };
		688CC62E2EB356DB00BFB655 /* OnboardMenuUITests.swift in Sources */ = {isa = PBXBuildFile; fileRef = 688CC62B2EB356DB00BFB655 /* OnboardMenuUITests.swift */; };
		688CC62F2EB356DB00BFB655 /* OnboardMenuUITestsLaunchTests.swift in Sources */ = {isa = PBXBuildFile; fileRef = 688CC62C2EB356DB00BFB655 /* OnboardMenuUITestsLaunchTests.swift */; };
		688CC6322EB3597300BFB655 /* NetworkMonitor in Frameworks */ = {isa = PBXBuildFile; productRef = 688CC6312EB3597300BFB655 /* NetworkMonitor */; };
		688CC6532EB385E700BFB655 /* APIError.swift in Sources */ = {isa = PBXBuildFile; fileRef = 688CC6522EB385E400BFB655 /* APIError.swift */; };
		688CC6552EB3875300BFB655 /* ModelTypes.swift in Sources */ = {isa = PBXBuildFile; fileRef = 688CC6542EB3874A00BFB655 /* ModelTypes.swift */; };
		688CC6572EB3898E00BFB655 /* RatesRepository.swift in Sources */ = {isa = PBXBuildFile; fileRef = 688CC6562EB3898C00BFB655 /* RatesRepository.swift */; };
		688CC65A2EB38BB400BFB655 /* ConvertPrices.swift in Sources */ = {isa = PBXBuildFile; fileRef = 688CC6592EB38BA900BFB655 /* ConvertPrices.swift */; };
		688CC65C2EB38C2100BFB655 /* SimpleRatesRepository.swift in Sources */ = {isa = PBXBuildFile; fileRef = 688CC65B2EB38C2000BFB655 /* SimpleRatesRepository.swift */; };
		688CC65E2EB38C8200BFB655 /* MenuViewModel.swift in Sources */ = {isa = PBXBuildFile; fileRef = 688CC65D2EB38C8000BFB655 /* MenuViewModel.swift */; };
		688CC6602EB38D4F00BFB655 /* PayButtonSection.swift in Sources */ = {isa = PBXBuildFile; fileRef = 688CC65F2EB38D3D00BFB655 /* PayButtonSection.swift */; };
		688CC6622EB3943A00BFB655 /* UserDefaultsCurrencyStore.swift in Sources */ = {isa = PBXBuildFile; fileRef = 688CC6612EB3943400BFB655 /* UserDefaultsCurrencyStore.swift */; };
		688CC6642EB3947300BFB655 /* CurrencyStore.swift in Sources */ = {isa = PBXBuildFile; fileRef = 688CC6632EB3947200BFB655 /* CurrencyStore.swift */; };
		688CC6662EB3960800BFB655 /* CurrencyStoreTests.swift in Sources */ = {isa = PBXBuildFile; fileRef = 688CC6652EB3960600BFB655 /* CurrencyStoreTests.swift */; };
		688CC6682EB39A9300BFB655 /* OfflineBannerSection.swift in Sources */ = {isa = PBXBuildFile; fileRef = 688CC6672EB39A8D00BFB655 /* OfflineBannerSection.swift */; };
		688CC66A2EB3A21B00BFB655 /* ViewModifiers.swift in Sources */ = {isa = PBXBuildFile; fileRef = 688CC6692EB3A21A00BFB655 /* ViewModifiers.swift */; };
		688CC66C2EB3A50600BFB655 /* PickerSection.swift in Sources */ = {isa = PBXBuildFile; fileRef = 688CC66B2EB3A50600BFB655 /* PickerSection.swift */; };
		688CC66E2EB3A5DF00BFB655 /* ExtraCurrencySection.swift in Sources */ = {isa = PBXBuildFile; fileRef = 688CC66D2EB3A5DF00BFB655 /* ExtraCurrencySection.swift */; };
		688CC6732EB3AD4F00BFB655 /* Money+Formatting.swift in Sources */ = {isa = PBXBuildFile; fileRef = 688CC6722EB3AD4E00BFB655 /* Money+Formatting.swift */; };
		688CC6752EB3B1C000BFB655 /* SaleType.swift in Sources */ = {isa = PBXBuildFile; fileRef = 688CC6742EB3B1BF00BFB655 /* SaleType.swift */; };
		688CC6772EB3B1FC00BFB655 /* PayTypeSheet.swift in Sources */ = {isa = PBXBuildFile; fileRef = 688CC6762EB3B1FA00BFB655 /* PayTypeSheet.swift */; };
		688CC6792EB3B49400BFB655 /* SaleTypeStore.swift in Sources */ = {isa = PBXBuildFile; fileRef = 688CC6782EB3B49000BFB655 /* SaleTypeStore.swift */; };
		688CC67B2EB3B4B600BFB655 /* UserDefaultsSaleTypeStore.swift in Sources */ = {isa = PBXBuildFile; fileRef = 688CC67A2EB3B4B000BFB655 /* UserDefaultsSaleTypeStore.swift */; };
		688CC67D2EB3B76400BFB655 /* DI.swift in Sources */ = {isa = PBXBuildFile; fileRef = 688CC67C2EB3B76100BFB655 /* DI.swift */; };
		688CC67F2EB3B78000BFB655 /* EnvironmentKeys.swift in Sources */ = {isa = PBXBuildFile; fileRef = 688CC67E2EB3B77C00BFB655 /* EnvironmentKeys.swift */; };
/* End PBXBuildFile section */

/* Begin PBXContainerItemProxy section */
		688CC6052EB356CF00BFB655 /* PBXContainerItemProxy */ = {
			isa = PBXContainerItemProxy;
			containerPortal = 688CC5EF2EB356CC00BFB655 /* Project object */;
			proxyType = 1;
			remoteGlobalIDString = 688CC5F62EB356CC00BFB655;
			remoteInfo = OnboardMenu;
		};
		688CC60F2EB356CF00BFB655 /* PBXContainerItemProxy */ = {
			isa = PBXContainerItemProxy;
			containerPortal = 688CC5EF2EB356CC00BFB655 /* Project object */;
			proxyType = 1;
			remoteGlobalIDString = 688CC5F62EB356CC00BFB655;
			remoteInfo = OnboardMenu;
		};
/* End PBXContainerItemProxy section */

/* Begin PBXFileReference section */
		688CC5F72EB356CC00BFB655 /* OnboardMenu.app */ = {isa = PBXFileReference; explicitFileType = wrapper.application; includeInIndex = 0; path = OnboardMenu.app; sourceTree = BUILT_PRODUCTS_DIR; };
		688CC6042EB356CF00BFB655 /* OnboardMenuTests.xctest */ = {isa = PBXFileReference; explicitFileType = wrapper.cfbundle; includeInIndex = 0; path = OnboardMenuTests.xctest; sourceTree = BUILT_PRODUCTS_DIR; };
		688CC60E2EB356CF00BFB655 /* OnboardMenuUITests.xctest */ = {isa = PBXFileReference; explicitFileType = wrapper.cfbundle; includeInIndex = 0; path = OnboardMenuUITests.xctest; sourceTree = BUILT_PRODUCTS_DIR; };
		688CC6212EB356D500BFB655 /* Assets.xcassets */ = {isa = PBXFileReference; lastKnownFileType = folder.assetcatalog; path = Assets.xcassets; sourceTree = "<group>"; };
		688CC6222EB356D500BFB655 /* MenuView.swift */ = {isa = PBXFileReference; lastKnownFileType = sourcecode.swift; path = MenuView.swift; sourceTree = "<group>"; };
		688CC6232EB356D500BFB655 /* OnboardMenuApp.swift */ = {isa = PBXFileReference; lastKnownFileType = sourcecode.swift; path = OnboardMenuApp.swift; sourceTree = "<group>"; };
		688CC6282EB356D700BFB655 /* OnboardMenuTests.swift */ = {isa = PBXFileReference; lastKnownFileType = sourcecode.swift; path = OnboardMenuTests.swift; sourceTree = "<group>"; };
		688CC62B2EB356DB00BFB655 /* OnboardMenuUITests.swift */ = {isa = PBXFileReference; lastKnownFileType = sourcecode.swift; path = OnboardMenuUITests.swift; sourceTree = "<group>"; };
		688CC62C2EB356DB00BFB655 /* OnboardMenuUITestsLaunchTests.swift */ = {isa = PBXFileReference; lastKnownFileType = sourcecode.swift; path = OnboardMenuUITestsLaunchTests.swift; sourceTree = "<group>"; };
		688CC6522EB385E400BFB655 /* APIError.swift */ = {isa = PBXFileReference; lastKnownFileType = sourcecode.swift; path = APIError.swift; sourceTree = "<group>"; };
		688CC6542EB3874A00BFB655 /* ModelTypes.swift */ = {isa = PBXFileReference; lastKnownFileType = sourcecode.swift; path = ModelTypes.swift; sourceTree = "<group>"; };
		688CC6562EB3898C00BFB655 /* RatesRepository.swift */ = {isa = PBXFileReference; lastKnownFileType = sourcecode.swift; path = RatesRepository.swift; sourceTree = "<group>"; };
		688CC6592EB38BA900BFB655 /* ConvertPrices.swift */ = {isa = PBXFileReference; lastKnownFileType = sourcecode.swift; path = ConvertPrices.swift; sourceTree = "<group>"; };
		688CC65B2EB38C2000BFB655 /* SimpleRatesRepository.swift */ = {isa = PBXFileReference; lastKnownFileType = sourcecode.swift; path = SimpleRatesRepository.swift; sourceTree = "<group>"; };
		688CC65D2EB38C8000BFB655 /* MenuViewModel.swift */ = {isa = PBXFileReference; lastKnownFileType = sourcecode.swift; path = MenuViewModel.swift; sourceTree = "<group>"; };
		688CC65F2EB38D3D00BFB655 /* PayButtonSection.swift */ = {isa = PBXFileReference; lastKnownFileType = sourcecode.swift; path = PayButtonSection.swift; sourceTree = "<group>"; };
		688CC6612EB3943400BFB655 /* UserDefaultsCurrencyStore.swift */ = {isa = PBXFileReference; lastKnownFileType = sourcecode.swift; path = UserDefaultsCurrencyStore.swift; sourceTree = "<group>"; };
		688CC6632EB3947200BFB655 /* CurrencyStore.swift */ = {isa = PBXFileReference; lastKnownFileType = sourcecode.swift; path = CurrencyStore.swift; sourceTree = "<group>"; };
		688CC6652EB3960600BFB655 /* CurrencyStoreTests.swift */ = {isa = PBXFileReference; lastKnownFileType = sourcecode.swift; path = CurrencyStoreTests.swift; sourceTree = "<group>"; };
		688CC6672EB39A8D00BFB655 /* OfflineBannerSection.swift */ = {isa = PBXFileReference; lastKnownFileType = sourcecode.swift; path = OfflineBannerSection.swift; sourceTree = "<group>"; };
		688CC6692EB3A21A00BFB655 /* ViewModifiers.swift */ = {isa = PBXFileReference; lastKnownFileType = sourcecode.swift; path = ViewModifiers.swift; sourceTree = "<group>"; };
		688CC66B2EB3A50600BFB655 /* PickerSection.swift */ = {isa = PBXFileReference; lastKnownFileType = sourcecode.swift; path = PickerSection.swift; sourceTree = "<group>"; };
		688CC66D2EB3A5DF00BFB655 /* ExtraCurrencySection.swift */ = {isa = PBXFileReference; lastKnownFileType = sourcecode.swift; path = ExtraCurrencySection.swift; sourceTree = "<group>"; };
		688CC6722EB3AD4E00BFB655 /* Money+Formatting.swift */ = {isa = PBXFileReference; lastKnownFileType = sourcecode.swift; path = "Money+Formatting.swift"; sourceTree = "<group>"; };
		688CC6742EB3B1BF00BFB655 /* SaleType.swift */ = {isa = PBXFileReference; lastKnownFileType = sourcecode.swift; path = SaleType.swift; sourceTree = "<group>"; };
		688CC6762EB3B1FA00BFB655 /* PayTypeSheet.swift */ = {isa = PBXFileReference; lastKnownFileType = sourcecode.swift; path = PayTypeSheet.swift; sourceTree = "<group>"; };
		688CC6782EB3B49000BFB655 /* SaleTypeStore.swift */ = {isa = PBXFileReference; lastKnownFileType = sourcecode.swift; path = SaleTypeStore.swift; sourceTree = "<group>"; };
		688CC67A2EB3B4B000BFB655 /* UserDefaultsSaleTypeStore.swift */ = {isa = PBXFileReference; lastKnownFileType = sourcecode.swift; path = UserDefaultsSaleTypeStore.swift; sourceTree = "<group>"; };
		688CC67C2EB3B76100BFB655 /* DI.swift */ = {isa = PBXFileReference; lastKnownFileType = sourcecode.swift; path = DI.swift; sourceTree = "<group>"; };
		688CC67E2EB3B77C00BFB655 /* EnvironmentKeys.swift */ = {isa = PBXFileReference; lastKnownFileType = sourcecode.swift; path = EnvironmentKeys.swift; sourceTree = "<group>"; };
/* End PBXFileReference section */

/* Begin PBXFrameworksBuildPhase section */
		688CC5F42EB356CC00BFB655 /* Frameworks */ = {
			isa = PBXFrameworksBuildPhase;
			buildActionMask = 2147483647;
			files = (
				688CC6322EB3597300BFB655 /* NetworkMonitor in Frameworks */,
			);
			runOnlyForDeploymentPostprocessing = 0;
		};
		688CC6012EB356CF00BFB655 /* Frameworks */ = {
			isa = PBXFrameworksBuildPhase;
			buildActionMask = 2147483647;
			files = (
			);
			runOnlyForDeploymentPostprocessing = 0;
		};
		688CC60B2EB356CF00BFB655 /* Frameworks */ = {
			isa = PBXFrameworksBuildPhase;
			buildActionMask = 2147483647;
			files = (
			);
			runOnlyForDeploymentPostprocessing = 0;
		};
/* End PBXFrameworksBuildPhase section */

/* Begin PBXGroup section */
		688CC5EE2EB356CC00BFB655 = {
			isa = PBXGroup;
			children = (
				688CC6242EB356D500BFB655 /* App */,
				688CC64D2EB3834300BFB655 /* Tests */,
				688CC5F82EB356CC00BFB655 /* Products */,
			);
			sourceTree = "<group>";
		};
		688CC5F82EB356CC00BFB655 /* Products */ = {
			isa = PBXGroup;
			children = (
				688CC5F72EB356CC00BFB655 /* OnboardMenu.app */,
				688CC6042EB356CF00BFB655 /* OnboardMenuTests.xctest */,
				688CC60E2EB356CF00BFB655 /* OnboardMenuUITests.xctest */,
			);
			name = Products;
			sourceTree = "<group>";
		};
		688CC6242EB356D500BFB655 /* App */ = {
			isa = PBXGroup;
			children = (
				688CC6332EB35E1E00BFB655 /* AppRun */,
				688CC6342EB35E9400BFB655 /* Shared */,
				688CC63C2EB380E300BFB655 /* Data */,
				688CC63D2EB380F200BFB655 /* Domain */,
				688CC6352EB35EE600BFB655 /* Features */,
			);
			path = App;
			sourceTree = "<group>";
		};
		688CC6292EB356D700BFB655 /* OnboardMenuTests */ = {
			isa = PBXGroup;
			children = (
				688CC64E2EB3838700BFB655 /* DomainTests */,
				688CC64F2EB3839D00BFB655 /* DataTests */,
				688CC6502EB383A900BFB655 /* PresentationTests */,
				688CC6512EB383E900BFB655 /* Support */,
				688CC6282EB356D700BFB655 /* OnboardMenuTests.swift */,
			);
			path = OnboardMenuTests;
			sourceTree = "<group>";
		};
		688CC62D2EB356DB00BFB655 /* OnboardMenuUITests */ = {
			isa = PBXGroup;
			children = (
				688CC62B2EB356DB00BFB655 /* OnboardMenuUITests.swift */,
				688CC62C2EB356DB00BFB655 /* OnboardMenuUITestsLaunchTests.swift */,
			);
			path = OnboardMenuUITests;
			sourceTree = "<group>";
		};
		688CC6332EB35E1E00BFB655 /* AppRun */ = {
			isa = PBXGroup;
			children = (
				688CC6232EB356D500BFB655 /* OnboardMenuApp.swift */,
				688CC67C2EB3B76100BFB655 /* DI.swift */,
				688CC67E2EB3B77C00BFB655 /* EnvironmentKeys.swift */,
			);
			path = AppRun;
			sourceTree = "<group>";
		};
		688CC6342EB35E9400BFB655 /* Shared */ = {
			isa = PBXGroup;
			children = (
				688CC63A2EB365F800BFB655 /* Core */,
				688CC63B2EB3660500BFB655 /* Storage */,
				688CC6372EB35F4A00BFB655 /* DesignSystem */,
			);
			path = Shared;
			sourceTree = "<group>";
		};
		688CC6352EB35EE600BFB655 /* Features */ = {
			isa = PBXGroup;
			children = (
				688CC6362EB35F0200BFB655 /* MenuFeature */,
				688CC6422EB381BC00BFB655 /* PaymentFeature */,
			);
			path = Features;
			sourceTree = "<group>";
		};
		688CC6362EB35F0200BFB655 /* MenuFeature */ = {
			isa = PBXGroup;
			children = (
				688CC6382EB35F5800BFB655 /* Presentation */,
				688CC6432EB381F300BFB655 /* Support */,
			);
			path = MenuFeature;
			sourceTree = "<group>";
		};
		688CC6372EB35F4A00BFB655 /* DesignSystem */ = {
			isa = PBXGroup;
			children = (
				688CC6692EB3A21A00BFB655 /* ViewModifiers.swift */,
				688CC6212EB356D500BFB655 /* Assets.xcassets */,
			);
			path = DesignSystem;
			sourceTree = "<group>";
		};
		688CC6382EB35F5800BFB655 /* Presentation */ = {
			isa = PBXGroup;
			children = (
				688CC6462EB3823200BFB655 /* Views */,
				688CC6452EB3822700BFB655 /* ViewModels */,
				688CC6442EB3821B00BFB655 /* Components */,
				688CC6392EB35FBB00BFB655 /* PreviewContent */,
			);
			path = Presentation;
			sourceTree = "<group>";
		};
		688CC6392EB35FBB00BFB655 /* PreviewContent */ = {
			isa = PBXGroup;
			children = (
			);
			path = PreviewContent;
			sourceTree = "<group>";
		};
		688CC63A2EB365F800BFB655 /* Core */ = {
			isa = PBXGroup;
			children = (
				688CC6712EB3AD3A00BFB655 /* Extensions */,
				688CC6522EB385E400BFB655 /* APIError.swift */,
				688CC6542EB3874A00BFB655 /* ModelTypes.swift */,
				688CC6742EB3B1BF00BFB655 /* SaleType.swift */,
				688CC6632EB3947200BFB655 /* CurrencyStore.swift */,
				688CC6782EB3B49000BFB655 /* SaleTypeStore.swift */,
			);
			path = Core;
			sourceTree = "<group>";
		};
		688CC63B2EB3660500BFB655 /* Storage */ = {
			isa = PBXGroup;
			children = (
				688CC6612EB3943400BFB655 /* UserDefaultsCurrencyStore.swift */,
				688CC67A2EB3B4B000BFB655 /* UserDefaultsSaleTypeStore.swift */,
			);
			path = Storage;
			sourceTree = "<group>";
		};
		688CC63C2EB380E300BFB655 /* Data */ = {
			isa = PBXGroup;
			children = (
				688CC63E2EB3810600BFB655 /* API */,
				688CC63F2EB3811400BFB655 /* Repositories */,
			);
			path = Data;
			sourceTree = "<group>";
		};
		688CC63D2EB380F200BFB655 /* Domain */ = {
			isa = PBXGroup;
			children = (
				688CC6412EB3814F00BFB655 /* Repositories */,
				688CC6402EB3812D00BFB655 /* Model */,
				688CC6582EB38B8F00BFB655 /* UseCase */,
			);
			path = Domain;
			sourceTree = "<group>";
		};
		688CC63E2EB3810600BFB655 /* API */ = {
			isa = PBXGroup;
			children = (
			);
			path = API;
			sourceTree = "<group>";
		};
		688CC63F2EB3811400BFB655 /* Repositories */ = {
			isa = PBXGroup;
			children = (
				688CC65B2EB38C2000BFB655 /* SimpleRatesRepository.swift */,
			);
			path = Repositories;
			sourceTree = "<group>";
		};
		688CC6402EB3812D00BFB655 /* Model */ = {
			isa = PBXGroup;
			children = (
			);
			path = Model;
			sourceTree = "<group>";
		};
		688CC6412EB3814F00BFB655 /* Repositories */ = {
			isa = PBXGroup;
			children = (
				688CC6562EB3898C00BFB655 /* RatesRepository.swift */,
			);
			path = Repositories;
			sourceTree = "<group>";
		};
		688CC6422EB381BC00BFB655 /* PaymentFeature */ = {
			isa = PBXGroup;
			children = (
				688CC6482EB3826200BFB655 /* Presentation */,
				688CC6472EB3825400BFB655 /* Support */,
			);
			path = PaymentFeature;
			sourceTree = "<group>";
		};
		688CC6432EB381F300BFB655 /* Support */ = {
			isa = PBXGroup;
			children = (
			);
			path = Support;
			sourceTree = "<group>";
		};
		688CC6442EB3821B00BFB655 /* Components */ = {
			isa = PBXGroup;
			children = (
				688CC65F2EB38D3D00BFB655 /* PayButtonSection.swift */,
				688CC6762EB3B1FA00BFB655 /* PayTypeSheet.swift */,
				688CC66B2EB3A50600BFB655 /* PickerSection.swift */,
				688CC66D2EB3A5DF00BFB655 /* ExtraCurrencySection.swift */,
				688CC6672EB39A8D00BFB655 /* OfflineBannerSection.swift */,
			);
			path = Components;
			sourceTree = "<group>";
		};
		688CC6452EB3822700BFB655 /* ViewModels */ = {
			isa = PBXGroup;
			children = (
				688CC65D2EB38C8000BFB655 /* MenuViewModel.swift */,
			);
			path = ViewModels;
			sourceTree = "<group>";
		};
		688CC6462EB3823200BFB655 /* Views */ = {
			isa = PBXGroup;
			children = (
				688CC6222EB356D500BFB655 /* MenuView.swift */,
			);
			path = Views;
			sourceTree = "<group>";
		};
		688CC6472EB3825400BFB655 /* Support */ = {
			isa = PBXGroup;
			children = (
			);
			path = Support;
			sourceTree = "<group>";
		};
		688CC6482EB3826200BFB655 /* Presentation */ = {
			isa = PBXGroup;
			children = (
				688CC64C2EB382B500BFB655 /* Views */,
				688CC64B2EB382AC00BFB655 /* ViewModels */,
				688CC64A2EB3829300BFB655 /* Components */,
				688CC6492EB3827F00BFB655 /* PreviewContent */,
			);
			path = Presentation;
			sourceTree = "<group>";
		};
		688CC6492EB3827F00BFB655 /* PreviewContent */ = {
			isa = PBXGroup;
			children = (
			);
			path = PreviewContent;
			sourceTree = "<group>";
		};
		688CC64A2EB3829300BFB655 /* Components */ = {
			isa = PBXGroup;
			children = (
			);
			path = Components;
			sourceTree = "<group>";
		};
		688CC64B2EB382AC00BFB655 /* ViewModels */ = {
			isa = PBXGroup;
			children = (
			);
			path = ViewModels;
			sourceTree = "<group>";
		};
		688CC64C2EB382B500BFB655 /* Views */ = {
			isa = PBXGroup;
			children = (
			);
			path = Views;
			sourceTree = "<group>";
		};
		688CC64D2EB3834300BFB655 /* Tests */ = {
			isa = PBXGroup;
			children = (
				688CC6292EB356D700BFB655 /* OnboardMenuTests */,
				688CC62D2EB356DB00BFB655 /* OnboardMenuUITests */,
			);
			path = Tests;
			sourceTree = "<group>";
		};
		688CC64E2EB3838700BFB655 /* DomainTests */ = {
			isa = PBXGroup;
			children = (
				688CC6652EB3960600BFB655 /* CurrencyStoreTests.swift */,
			);
			path = DomainTests;
			sourceTree = "<group>";
		};
		688CC64F2EB3839D00BFB655 /* DataTests */ = {
			isa = PBXGroup;
			children = (
			);
			path = DataTests;
			sourceTree = "<group>";
		};
		688CC6502EB383A900BFB655 /* PresentationTests */ = {
			isa = PBXGroup;
			children = (
			);
			path = PresentationTests;
			sourceTree = "<group>";
		};
		688CC6512EB383E900BFB655 /* Support */ = {
			isa = PBXGroup;
			children = (
			);
			path = Support;
			sourceTree = "<group>";
		};
		688CC6582EB38B8F00BFB655 /* UseCase */ = {
			isa = PBXGroup;
			children = (
				688CC6592EB38BA900BFB655 /* ConvertPrices.swift */,
			);
			path = UseCase;
			sourceTree = "<group>";
		};
		688CC6712EB3AD3A00BFB655 /* Extensions */ = {
			isa = PBXGroup;
			children = (
				688CC6722EB3AD4E00BFB655 /* Money+Formatting.swift */,
			);
			path = Extensions;
			sourceTree = "<group>";
		};
/* End PBXGroup section */

/* Begin PBXNativeTarget section */
		688CC5F62EB356CC00BFB655 /* OnboardMenu */ = {
			isa = PBXNativeTarget;
			buildConfigurationList = 688CC6182EB356CF00BFB655 /* Build configuration list for PBXNativeTarget "OnboardMenu" */;
			buildPhases = (
				688CC5F32EB356CC00BFB655 /* Sources */,
				688CC5F42EB356CC00BFB655 /* Frameworks */,
				688CC5F52EB356CC00BFB655 /* Resources */,
			);
			buildRules = (
			);
			dependencies = (
			);
			name = OnboardMenu;
			packageProductDependencies = (
				688CC6312EB3597300BFB655 /* NetworkMonitor */,
			);
			productName = OnboardMenu;
			productReference = 688CC5F72EB356CC00BFB655 /* OnboardMenu.app */;
			productType = "com.apple.product-type.application";
		};
		688CC6032EB356CF00BFB655 /* OnboardMenuTests */ = {
			isa = PBXNativeTarget;
			buildConfigurationList = 688CC61B2EB356CF00BFB655 /* Build configuration list for PBXNativeTarget "OnboardMenuTests" */;
			buildPhases = (
				688CC6002EB356CF00BFB655 /* Sources */,
				688CC6012EB356CF00BFB655 /* Frameworks */,
				688CC6022EB356CF00BFB655 /* Resources */,
			);
			buildRules = (
			);
			dependencies = (
				688CC6062EB356CF00BFB655 /* PBXTargetDependency */,
			);
			name = OnboardMenuTests;
			packageProductDependencies = (
			);
			productName = OnboardMenuTests;
			productReference = 688CC6042EB356CF00BFB655 /* OnboardMenuTests.xctest */;
			productType = "com.apple.product-type.bundle.unit-test";
		};
		688CC60D2EB356CF00BFB655 /* OnboardMenuUITests */ = {
			isa = PBXNativeTarget;
			buildConfigurationList = 688CC61E2EB356CF00BFB655 /* Build configuration list for PBXNativeTarget "OnboardMenuUITests" */;
			buildPhases = (
				688CC60A2EB356CF00BFB655 /* Sources */,
				688CC60B2EB356CF00BFB655 /* Frameworks */,
				688CC60C2EB356CF00BFB655 /* Resources */,
			);
			buildRules = (
			);
			dependencies = (
				688CC6102EB356CF00BFB655 /* PBXTargetDependency */,
			);
			name = OnboardMenuUITests;
			packageProductDependencies = (
			);
			productName = OnboardMenuUITests;
			productReference = 688CC60E2EB356CF00BFB655 /* OnboardMenuUITests.xctest */;
			productType = "com.apple.product-type.bundle.ui-testing";
		};
/* End PBXNativeTarget section */

/* Begin PBXProject section */
		688CC5EF2EB356CC00BFB655 /* Project object */ = {
			isa = PBXProject;
			attributes = {
				BuildIndependentTargetsInParallel = 1;
				LastSwiftUpdateCheck = 2600;
				LastUpgradeCheck = 2600;
				TargetAttributes = {
					688CC5F62EB356CC00BFB655 = {
						CreatedOnToolsVersion = 26.0.1;
					};
					688CC6032EB356CF00BFB655 = {
						CreatedOnToolsVersion = 26.0.1;
						TestTargetID = 688CC5F62EB356CC00BFB655;
					};
					688CC60D2EB356CF00BFB655 = {
						CreatedOnToolsVersion = 26.0.1;
						TestTargetID = 688CC5F62EB356CC00BFB655;
					};
				};
			};
			buildConfigurationList = 688CC5F22EB356CC00BFB655 /* Build configuration list for PBXProject "OnboardMenu" */;
			developmentRegion = en;
			hasScannedForEncodings = 0;
			knownRegions = (
				en,
				Base,
			);
			mainGroup = 688CC5EE2EB356CC00BFB655;
			minimizedProjectReferenceProxies = 1;
			packageReferences = (
				688CC6302EB3597300BFB655 /* XCRemoteSwiftPackageReference "NetworkMonitor-iOS" */,
			);
			preferredProjectObjectVersion = 77;
			productRefGroup = 688CC5F82EB356CC00BFB655 /* Products */;
			projectDirPath = "";
			projectRoot = "";
			targets = (
				688CC5F62EB356CC00BFB655 /* OnboardMenu */,
				688CC6032EB356CF00BFB655 /* OnboardMenuTests */,
				688CC60D2EB356CF00BFB655 /* OnboardMenuUITests */,
			);
		};
/* End PBXProject section */

/* Begin PBXResourcesBuildPhase section */
		688CC5F52EB356CC00BFB655 /* Resources */ = {
			isa = PBXResourcesBuildPhase;
			buildActionMask = 2147483647;
			files = (
				688CC6252EB356D500BFB655 /* Assets.xcassets in Resources */,
			);
			runOnlyForDeploymentPostprocessing = 0;
		};
		688CC6022EB356CF00BFB655 /* Resources */ = {
			isa = PBXResourcesBuildPhase;
			buildActionMask = 2147483647;
			files = (
			);
			runOnlyForDeploymentPostprocessing = 0;
		};
		688CC60C2EB356CF00BFB655 /* Resources */ = {
			isa = PBXResourcesBuildPhase;
			buildActionMask = 2147483647;
			files = (
			);
			runOnlyForDeploymentPostprocessing = 0;
		};
/* End PBXResourcesBuildPhase section */

/* Begin PBXSourcesBuildPhase section */
		688CC5F32EB356CC00BFB655 /* Sources */ = {
			isa = PBXSourcesBuildPhase;
			buildActionMask = 2147483647;
			files = (
				688CC66E2EB3A5DF00BFB655 /* ExtraCurrencySection.swift in Sources */,
				688CC67F2EB3B78000BFB655 /* EnvironmentKeys.swift in Sources */,
				688CC6262EB356D500BFB655 /* MenuView.swift in Sources */,
				688CC6622EB3943A00BFB655 /* UserDefaultsCurrencyStore.swift in Sources */,
				688CC65A2EB38BB400BFB655 /* ConvertPrices.swift in Sources */,
				688CC6552EB3875300BFB655 /* ModelTypes.swift in Sources */,
				688CC65C2EB38C2100BFB655 /* SimpleRatesRepository.swift in Sources */,
				688CC6272EB356D500BFB655 /* OnboardMenuApp.swift in Sources */,
				688CC6532EB385E700BFB655 /* APIError.swift in Sources */,
				688CC66C2EB3A50600BFB655 /* PickerSection.swift in Sources */,
				688CC67B2EB3B4B600BFB655 /* UserDefaultsSaleTypeStore.swift in Sources */,
				688CC6682EB39A9300BFB655 /* OfflineBannerSection.swift in Sources */,
				688CC6772EB3B1FC00BFB655 /* PayTypeSheet.swift in Sources */,
				688CC6572EB3898E00BFB655 /* RatesRepository.swift in Sources */,
				688CC6602EB38D4F00BFB655 /* PayButtonSection.swift in Sources */,
				688CC66A2EB3A21B00BFB655 /* ViewModifiers.swift in Sources */,
				688CC6752EB3B1C000BFB655 /* SaleType.swift in Sources */,
				688CC65E2EB38C8200BFB655 /* MenuViewModel.swift in Sources */,
				688CC6792EB3B49400BFB655 /* SaleTypeStore.swift in Sources */,
				688CC6642EB3947300BFB655 /* CurrencyStore.swift in Sources */,
				688CC6732EB3AD4F00BFB655 /* Money+Formatting.swift in Sources */,
				688CC67D2EB3B76400BFB655 /* DI.swift in Sources */,
			);
			runOnlyForDeploymentPostprocessing = 0;
		};
		688CC6002EB356CF00BFB655 /* Sources */ = {
			isa = PBXSourcesBuildPhase;
			buildActionMask = 2147483647;
			files = (
				688CC6662EB3960800BFB655 /* CurrencyStoreTests.swift in Sources */,
				688CC62A2EB356D700BFB655 /* OnboardMenuTests.swift in Sources */,
			);
			runOnlyForDeploymentPostprocessing = 0;
		};
		688CC60A2EB356CF00BFB655 /* Sources */ = {
			isa = PBXSourcesBuildPhase;
			buildActionMask = 2147483647;
			files = (
				688CC62E2EB356DB00BFB655 /* OnboardMenuUITests.swift in Sources */,
				688CC62F2EB356DB00BFB655 /* OnboardMenuUITestsLaunchTests.swift in Sources */,
			);
			runOnlyForDeploymentPostprocessing = 0;
		};
/* End PBXSourcesBuildPhase section */

/* Begin PBXTargetDependency section */
		688CC6062EB356CF00BFB655 /* PBXTargetDependency */ = {
			isa = PBXTargetDependency;
			target = 688CC5F62EB356CC00BFB655 /* OnboardMenu */;
			targetProxy = 688CC6052EB356CF00BFB655 /* PBXContainerItemProxy */;
		};
		688CC6102EB356CF00BFB655 /* PBXTargetDependency */ = {
			isa = PBXTargetDependency;
			target = 688CC5F62EB356CC00BFB655 /* OnboardMenu */;
			targetProxy = 688CC60F2EB356CF00BFB655 /* PBXContainerItemProxy */;
		};
/* End PBXTargetDependency section */

/* Begin XCBuildConfiguration section */
		688CC6162EB356CF00BFB655 /* Debug */ = {
			isa = XCBuildConfiguration;
			buildSettings = {
				ALWAYS_SEARCH_USER_PATHS = NO;
				ASSETCATALOG_COMPILER_GENERATE_SWIFT_ASSET_SYMBOL_EXTENSIONS = YES;
				CLANG_ANALYZER_NONNULL = YES;
				CLANG_ANALYZER_NUMBER_OBJECT_CONVERSION = YES_AGGRESSIVE;
				CLANG_CXX_LANGUAGE_STANDARD = "gnu++20";
				CLANG_ENABLE_MODULES = YES;
				CLANG_ENABLE_OBJC_ARC = YES;
				CLANG_ENABLE_OBJC_WEAK = YES;
				CLANG_WARN_BLOCK_CAPTURE_AUTORELEASING = YES;
				CLANG_WARN_BOOL_CONVERSION = YES;
				CLANG_WARN_COMMA = YES;
				CLANG_WARN_CONSTANT_CONVERSION = YES;
				CLANG_WARN_DEPRECATED_OBJC_IMPLEMENTATIONS = YES;
				CLANG_WARN_DIRECT_OBJC_ISA_USAGE = YES_ERROR;
				CLANG_WARN_DOCUMENTATION_COMMENTS = YES;
				CLANG_WARN_EMPTY_BODY = YES;
				CLANG_WARN_ENUM_CONVERSION = YES;
				CLANG_WARN_INFINITE_RECURSION = YES;
				CLANG_WARN_INT_CONVERSION = YES;
				CLANG_WARN_NON_LITERAL_NULL_CONVERSION = YES;
				CLANG_WARN_OBJC_IMPLICIT_RETAIN_SELF = YES;
				CLANG_WARN_OBJC_LITERAL_CONVERSION = YES;
				CLANG_WARN_OBJC_ROOT_CLASS = YES_ERROR;
				CLANG_WARN_QUOTED_INCLUDE_IN_FRAMEWORK_HEADER = YES;
				CLANG_WARN_RANGE_LOOP_ANALYSIS = YES;
				CLANG_WARN_STRICT_PROTOTYPES = YES;
				CLANG_WARN_SUSPICIOUS_MOVE = YES;
				CLANG_WARN_UNGUARDED_AVAILABILITY = YES_AGGRESSIVE;
				CLANG_WARN_UNREACHABLE_CODE = YES;
				CLANG_WARN__DUPLICATE_METHOD_MATCH = YES;
				COPY_PHASE_STRIP = NO;
				DEBUG_INFORMATION_FORMAT = dwarf;
				DEVELOPMENT_TEAM = S83S63GYHT;
				ENABLE_STRICT_OBJC_MSGSEND = YES;
				ENABLE_TESTABILITY = YES;
				ENABLE_USER_SCRIPT_SANDBOXING = YES;
				GCC_C_LANGUAGE_STANDARD = gnu17;
				GCC_DYNAMIC_NO_PIC = NO;
				GCC_NO_COMMON_BLOCKS = YES;
				GCC_OPTIMIZATION_LEVEL = 0;
				GCC_PREPROCESSOR_DEFINITIONS = (
					"DEBUG=1",
					"$(inherited)",
				);
				GCC_WARN_64_TO_32_BIT_CONVERSION = YES;
				GCC_WARN_ABOUT_RETURN_TYPE = YES_ERROR;
				GCC_WARN_UNDECLARED_SELECTOR = YES;
				GCC_WARN_UNINITIALIZED_AUTOS = YES_AGGRESSIVE;
				GCC_WARN_UNUSED_FUNCTION = YES;
				GCC_WARN_UNUSED_VARIABLE = YES;
				IPHONEOS_DEPLOYMENT_TARGET = 26.0;
				LOCALIZATION_PREFERS_STRING_CATALOGS = YES;
				MTL_ENABLE_DEBUG_INFO = INCLUDE_SOURCE;
				MTL_FAST_MATH = YES;
				ONLY_ACTIVE_ARCH = YES;
				SDKROOT = iphoneos;
				SWIFT_ACTIVE_COMPILATION_CONDITIONS = "DEBUG $(inherited)";
				SWIFT_OPTIMIZATION_LEVEL = "-Onone";
			};
			name = Debug;
		};
		688CC6172EB356CF00BFB655 /* Release */ = {
			isa = XCBuildConfiguration;
			buildSettings = {
				ALWAYS_SEARCH_USER_PATHS = NO;
				ASSETCATALOG_COMPILER_GENERATE_SWIFT_ASSET_SYMBOL_EXTENSIONS = YES;
				CLANG_ANALYZER_NONNULL = YES;
				CLANG_ANALYZER_NUMBER_OBJECT_CONVERSION = YES_AGGRESSIVE;
				CLANG_CXX_LANGUAGE_STANDARD = "gnu++20";
				CLANG_ENABLE_MODULES = YES;
				CLANG_ENABLE_OBJC_ARC = YES;
				CLANG_ENABLE_OBJC_WEAK = YES;
				CLANG_WARN_BLOCK_CAPTURE_AUTORELEASING = YES;
				CLANG_WARN_BOOL_CONVERSION = YES;
				CLANG_WARN_COMMA = YES;
				CLANG_WARN_CONSTANT_CONVERSION = YES;
				CLANG_WARN_DEPRECATED_OBJC_IMPLEMENTATIONS = YES;
				CLANG_WARN_DIRECT_OBJC_ISA_USAGE = YES_ERROR;
				CLANG_WARN_DOCUMENTATION_COMMENTS = YES;
				CLANG_WARN_EMPTY_BODY = YES;
				CLANG_WARN_ENUM_CONVERSION = YES;
				CLANG_WARN_INFINITE_RECURSION = YES;
				CLANG_WARN_INT_CONVERSION = YES;
				CLANG_WARN_NON_LITERAL_NULL_CONVERSION = YES;
				CLANG_WARN_OBJC_IMPLICIT_RETAIN_SELF = YES;
				CLANG_WARN_OBJC_LITERAL_CONVERSION = YES;
				CLANG_WARN_OBJC_ROOT_CLASS = YES_ERROR;
				CLANG_WARN_QUOTED_INCLUDE_IN_FRAMEWORK_HEADER = YES;
				CLANG_WARN_RANGE_LOOP_ANALYSIS = YES;
				CLANG_WARN_STRICT_PROTOTYPES = YES;
				CLANG_WARN_SUSPICIOUS_MOVE = YES;
				CLANG_WARN_UNGUARDED_AVAILABILITY = YES_AGGRESSIVE;
				CLANG_WARN_UNREACHABLE_CODE = YES;
				CLANG_WARN__DUPLICATE_METHOD_MATCH = YES;
				COPY_PHASE_STRIP = NO;
				DEBUG_INFORMATION_FORMAT = "dwarf-with-dsym";
				DEVELOPMENT_TEAM = S83S63GYHT;
				ENABLE_NS_ASSERTIONS = NO;
				ENABLE_STRICT_OBJC_MSGSEND = YES;
				ENABLE_USER_SCRIPT_SANDBOXING = YES;
				GCC_C_LANGUAGE_STANDARD = gnu17;
				GCC_NO_COMMON_BLOCKS = YES;
				GCC_WARN_64_TO_32_BIT_CONVERSION = YES;
				GCC_WARN_ABOUT_RETURN_TYPE = YES_ERROR;
				GCC_WARN_UNDECLARED_SELECTOR = YES;
				GCC_WARN_UNINITIALIZED_AUTOS = YES_AGGRESSIVE;
				GCC_WARN_UNUSED_FUNCTION = YES;
				GCC_WARN_UNUSED_VARIABLE = YES;
				IPHONEOS_DEPLOYMENT_TARGET = 26.0;
				LOCALIZATION_PREFERS_STRING_CATALOGS = YES;
				MTL_ENABLE_DEBUG_INFO = NO;
				MTL_FAST_MATH = YES;
				SDKROOT = iphoneos;
				SWIFT_COMPILATION_MODE = wholemodule;
				VALIDATE_PRODUCT = YES;
			};
			name = Release;
		};
		688CC6192EB356CF00BFB655 /* Debug */ = {
			isa = XCBuildConfiguration;
			buildSettings = {
				ASSETCATALOG_COMPILER_APPICON_NAME = AppIcon;
				ASSETCATALOG_COMPILER_GLOBAL_ACCENT_COLOR_NAME = AccentColor;
				CODE_SIGN_STYLE = Automatic;
				CURRENT_PROJECT_VERSION = 1;
				DEVELOPMENT_TEAM = S83S63GYHT;
				ENABLE_PREVIEWS = YES;
				GENERATE_INFOPLIST_FILE = YES;
				INFOPLIST_KEY_UIApplicationSceneManifest_Generation = YES;
				INFOPLIST_KEY_UIApplicationSupportsIndirectInputEvents = YES;
				INFOPLIST_KEY_UILaunchScreen_Generation = YES;
				INFOPLIST_KEY_UISupportedInterfaceOrientations_iPad = "UIInterfaceOrientationPortrait UIInterfaceOrientationPortraitUpsideDown UIInterfaceOrientationLandscapeLeft UIInterfaceOrientationLandscapeRight";
				INFOPLIST_KEY_UISupportedInterfaceOrientations_iPhone = "UIInterfaceOrientationPortrait UIInterfaceOrientationLandscapeLeft UIInterfaceOrientationLandscapeRight";
				LD_RUNPATH_SEARCH_PATHS = (
					"$(inherited)",
					"@executable_path/Frameworks",
				);
				MARKETING_VERSION = 1.0;
				PRODUCT_BUNDLE_IDENTIFIER = com.demo.OnboardMenu;
				PRODUCT_NAME = "$(TARGET_NAME)";
				STRING_CATALOG_GENERATE_SYMBOLS = YES;
				SWIFT_APPROACHABLE_CONCURRENCY = YES;
				SWIFT_DEFAULT_ACTOR_ISOLATION = MainActor;
				SWIFT_EMIT_LOC_STRINGS = YES;
				SWIFT_UPCOMING_FEATURE_MEMBER_IMPORT_VISIBILITY = YES;
				SWIFT_VERSION = 5.0;
				TARGETED_DEVICE_FAMILY = "1,2";
			};
			name = Debug;
		};
		688CC61A2EB356CF00BFB655 /* Release */ = {
			isa = XCBuildConfiguration;
			buildSettings = {
				ASSETCATALOG_COMPILER_APPICON_NAME = AppIcon;
				ASSETCATALOG_COMPILER_GLOBAL_ACCENT_COLOR_NAME = AccentColor;
				CODE_SIGN_STYLE = Automatic;
				CURRENT_PROJECT_VERSION = 1;
				DEVELOPMENT_TEAM = S83S63GYHT;
				ENABLE_PREVIEWS = YES;
				GENERATE_INFOPLIST_FILE = YES;
				INFOPLIST_KEY_UIApplicationSceneManifest_Generation = YES;
				INFOPLIST_KEY_UIApplicationSupportsIndirectInputEvents = YES;
				INFOPLIST_KEY_UILaunchScreen_Generation = YES;
				INFOPLIST_KEY_UISupportedInterfaceOrientations_iPad = "UIInterfaceOrientationPortrait UIInterfaceOrientationPortraitUpsideDown UIInterfaceOrientationLandscapeLeft UIInterfaceOrientationLandscapeRight";
				INFOPLIST_KEY_UISupportedInterfaceOrientations_iPhone = "UIInterfaceOrientationPortrait UIInterfaceOrientationLandscapeLeft UIInterfaceOrientationLandscapeRight";
				LD_RUNPATH_SEARCH_PATHS = (
					"$(inherited)",
					"@executable_path/Frameworks",
				);
				MARKETING_VERSION = 1.0;
				PRODUCT_BUNDLE_IDENTIFIER = com.demo.OnboardMenu;
				PRODUCT_NAME = "$(TARGET_NAME)";
				STRING_CATALOG_GENERATE_SYMBOLS = YES;
				SWIFT_APPROACHABLE_CONCURRENCY = YES;
				SWIFT_DEFAULT_ACTOR_ISOLATION = MainActor;
				SWIFT_EMIT_LOC_STRINGS = YES;
				SWIFT_UPCOMING_FEATURE_MEMBER_IMPORT_VISIBILITY = YES;
				SWIFT_VERSION = 5.0;
				TARGETED_DEVICE_FAMILY = "1,2";
			};
			name = Release;
		};
		688CC61C2EB356CF00BFB655 /* Debug */ = {
			isa = XCBuildConfiguration;
			buildSettings = {
				BUNDLE_LOADER = "$(TEST_HOST)";
				CODE_SIGN_STYLE = Automatic;
				CURRENT_PROJECT_VERSION = 1;
				DEVELOPMENT_TEAM = S83S63GYHT;
				GENERATE_INFOPLIST_FILE = YES;
				IPHONEOS_DEPLOYMENT_TARGET = 26.0;
				MARKETING_VERSION = 1.0;
				PRODUCT_BUNDLE_IDENTIFIER = com.demo.OnboardMenuTests;
				PRODUCT_NAME = "$(TARGET_NAME)";
				STRING_CATALOG_GENERATE_SYMBOLS = NO;
				SWIFT_APPROACHABLE_CONCURRENCY = YES;
				SWIFT_EMIT_LOC_STRINGS = NO;
				SWIFT_UPCOMING_FEATURE_MEMBER_IMPORT_VISIBILITY = YES;
				SWIFT_VERSION = 5.0;
				TARGETED_DEVICE_FAMILY = "1,2";
				TEST_HOST = "$(BUILT_PRODUCTS_DIR)/OnboardMenu.app/$(BUNDLE_EXECUTABLE_FOLDER_PATH)/OnboardMenu";
			};
			name = Debug;
		};
		688CC61D2EB356CF00BFB655 /* Release */ = {
			isa = XCBuildConfiguration;
			buildSettings = {
				BUNDLE_LOADER = "$(TEST_HOST)";
				CODE_SIGN_STYLE = Automatic;
				CURRENT_PROJECT_VERSION = 1;
				DEVELOPMENT_TEAM = S83S63GYHT;
				GENERATE_INFOPLIST_FILE = YES;
				IPHONEOS_DEPLOYMENT_TARGET = 26.0;
				MARKETING_VERSION = 1.0;
				PRODUCT_BUNDLE_IDENTIFIER = com.demo.OnboardMenuTests;
				PRODUCT_NAME = "$(TARGET_NAME)";
				STRING_CATALOG_GENERATE_SYMBOLS = NO;
				SWIFT_APPROACHABLE_CONCURRENCY = YES;
				SWIFT_EMIT_LOC_STRINGS = NO;
				SWIFT_UPCOMING_FEATURE_MEMBER_IMPORT_VISIBILITY = YES;
				SWIFT_VERSION = 5.0;
				TARGETED_DEVICE_FAMILY = "1,2";
				TEST_HOST = "$(BUILT_PRODUCTS_DIR)/OnboardMenu.app/$(BUNDLE_EXECUTABLE_FOLDER_PATH)/OnboardMenu";
			};
			name = Release;
		};
		688CC61F2EB356CF00BFB655 /* Debug */ = {
			isa = XCBuildConfiguration;
			buildSettings = {
				CODE_SIGN_STYLE = Automatic;
				CURRENT_PROJECT_VERSION = 1;
				DEVELOPMENT_TEAM = S83S63GYHT;
				GENERATE_INFOPLIST_FILE = YES;
				MARKETING_VERSION = 1.0;
				PRODUCT_BUNDLE_IDENTIFIER = com.demo.OnboardMenuUITests;
				PRODUCT_NAME = "$(TARGET_NAME)";
				STRING_CATALOG_GENERATE_SYMBOLS = NO;
				SWIFT_APPROACHABLE_CONCURRENCY = YES;
				SWIFT_EMIT_LOC_STRINGS = NO;
				SWIFT_UPCOMING_FEATURE_MEMBER_IMPORT_VISIBILITY = YES;
				SWIFT_VERSION = 5.0;
				TARGETED_DEVICE_FAMILY = "1,2";
				TEST_TARGET_NAME = OnboardMenu;
			};
			name = Debug;
		};
		688CC6202EB356CF00BFB655 /* Release */ = {
			isa = XCBuildConfiguration;
			buildSettings = {
				CODE_SIGN_STYLE = Automatic;
				CURRENT_PROJECT_VERSION = 1;
				DEVELOPMENT_TEAM = S83S63GYHT;
				GENERATE_INFOPLIST_FILE = YES;
				MARKETING_VERSION = 1.0;
				PRODUCT_BUNDLE_IDENTIFIER = com.demo.OnboardMenuUITests;
				PRODUCT_NAME = "$(TARGET_NAME)";
				STRING_CATALOG_GENERATE_SYMBOLS = NO;
				SWIFT_APPROACHABLE_CONCURRENCY = YES;
				SWIFT_EMIT_LOC_STRINGS = NO;
				SWIFT_UPCOMING_FEATURE_MEMBER_IMPORT_VISIBILITY = YES;
				SWIFT_VERSION = 5.0;
				TARGETED_DEVICE_FAMILY = "1,2";
				TEST_TARGET_NAME = OnboardMenu;
			};
			name = Release;
		};
/* End XCBuildConfiguration section */

/* Begin XCConfigurationList section */
		688CC5F22EB356CC00BFB655 /* Build configuration list for PBXProject "OnboardMenu" */ = {
			isa = XCConfigurationList;
			buildConfigurations = (
				688CC6162EB356CF00BFB655 /* Debug */,
				688CC6172EB356CF00BFB655 /* Release */,
			);
			defaultConfigurationIsVisible = 0;
			defaultConfigurationName = Release;
		};
		688CC6182EB356CF00BFB655 /* Build configuration list for PBXNativeTarget "OnboardMenu" */ = {
			isa = XCConfigurationList;
			buildConfigurations = (
				688CC6192EB356CF00BFB655 /* Debug */,
				688CC61A2EB356CF00BFB655 /* Release */,
			);
			defaultConfigurationIsVisible = 0;
			defaultConfigurationName = Release;
		};
		688CC61B2EB356CF00BFB655 /* Build configuration list for PBXNativeTarget "OnboardMenuTests" */ = {
			isa = XCConfigurationList;
			buildConfigurations = (
				688CC61C2EB356CF00BFB655 /* Debug */,
				688CC61D2EB356CF00BFB655 /* Release */,
			);
			defaultConfigurationIsVisible = 0;
			defaultConfigurationName = Release;
		};
		688CC61E2EB356CF00BFB655 /* Build configuration list for PBXNativeTarget "OnboardMenuUITests" */ = {
			isa = XCConfigurationList;
			buildConfigurations = (
				688CC61F2EB356CF00BFB655 /* Debug */,
				688CC6202EB356CF00BFB655 /* Release */,
			);
			defaultConfigurationIsVisible = 0;
			defaultConfigurationName = Release;
		};
/* End XCConfigurationList section */

/* Begin XCRemoteSwiftPackageReference section */
		688CC6302EB3597300BFB655 /* XCRemoteSwiftPackageReference "NetworkMonitor-iOS" */ = {
			isa = XCRemoteSwiftPackageReference;
			repositoryURL = "https://github.com/archeym/NetworkMonitor-iOS.git";
			requirement = {
				branch = main;
				kind = branch;
			};
		};
/* End XCRemoteSwiftPackageReference section */

/* Begin XCSwiftPackageProductDependency section */
		688CC6312EB3597300BFB655 /* NetworkMonitor */ = {
			isa = XCSwiftPackageProductDependency;
			package = 688CC6302EB3597300BFB655 /* XCRemoteSwiftPackageReference "NetworkMonitor-iOS" */;
			productName = NetworkMonitor;
		};
/* End XCSwiftPackageProductDependency section */
	};
	rootObject = 688CC5EF2EB356CC00BFB655 /* Project object */;
}
