{
  "originHash" : "95707c315252096bab3635288edc81317530b9f5f7d2950bea11fa86fd6990a7",
  "pins" : [
    {
      "identity" : "networkmonitor-ios",
      "kind" : "remoteSourceControl",
      "location" : "https://github.com/archeym/NetworkMonitor-iOS.git",
      "state" : {
        "branch" : "main",
        "revision" : "11bb34715b5a90961fe80d21dc9defbe1391671a"
      }
    }
  ],
  "version" : 3
}
